
Microsoft Visual Studio Solution File, Format Version 12.00
# Visual Studio Version 17
VisualStudioVersion = 17.5.33516.290
MinimumVisualStudioVersion = 10.0.40219.1
Project("{9A19103F-16F7-4668-BE54-9A1E7A4F7556}") = "CertificateImageProcessing", "CertificateImageProcessing.csproj", "{743D4DFB-28FE-4571-AC54-9F49920E0C25}"
EndProject
Global
	GlobalSection(SolutionConfigurationPlatforms) = preSolution
		Debug|Any CPU = Debug|Any CPU
		Release|Any CPU = Release|Any CPU
	EndGlobalSection
	GlobalSection(ProjectConfigurationPlatforms) = postSolution
		{743D4DFB-28FE-4571-AC54-9F49920E0C25}.Debug|Any CPU.ActiveCfg = Debug|Any CPU
		{743D4DFB-28FE-4571-AC54-9F49920E0C25}.Debug|Any CPU.Build.0 = Debug|Any CPU
		{743D4DFB-28FE-4571-AC54-9F49920E0C25}.Release|Any CPU.ActiveCfg = Release|Any CPU
		{743D4DFB-28FE-4571-AC54-9F49920E0C25}.Release|Any CPU.Build.0 = Release|Any CPU
	EndGlobalSection
	GlobalSection(SolutionProperties) = preSolution
		HideSolutionNode = FALSE
	EndGlobalSection
	GlobalSection(ExtensibilityGlobals) = postSolution
		SolutionGuid = {41C3D1DA-80FA-486B-B11A-146268C077A0}
	EndGlobalSection
EndGlobal
